// !$*UTF8*$!
{
	archiveVersion = 1;
	classes = {
	};
	objectVersion = 56;
	objects = {

/* Begin PBXBuildFile section */
		781AD1022F28CD0D00681818 /* GoogleService-Info.plist in Resources */ = {isa = PBXBuildFile; fileRef = 781AD1012F28CD0D00681818 /* GoogleService-Info.plist */; };
		7878D3822F2759BF00E33A0E /* GoogleSignIn in Frameworks */ = {isa = PBXBuildFile; productRef = 7878D3812F2759BF00E33A0E /* GoogleSignIn */; };
		7878D3842F2759BF00E33A0E /* GoogleSignInSwift in Frameworks */ = {isa = PBXBuildFile; productRef = 7878D3832F2759BF00E33A0E /* GoogleSignInSwift */; };
		7878D3872F275ED800E33A0E /* FirebaseAuth in Frameworks */ = {isa = PBXBuildFile; productRef = 7878D3862F275ED800E33A0E /* FirebaseAuth */; };
		7878D3892F275EE000E33A0E /* FirebaseCore in Frameworks */ = {isa = PBXBuildFile; productRef = 7878D3882F275EE000E33A0E /* FirebaseCore */; };
		78BC7D5B2F277F8200649813 /* FirebaseFunctions in Frameworks */ = {isa = PBXBuildFile; productRef = 78BC7D5A2F277F8200649813 /* FirebaseFunctions */; };
		78BC7D5D2F277F8B00649813 /* FirebaseFirestore in Frameworks */ = {isa = PBXBuildFile; productRef = 78BC7D5C2F277F8B00649813 /* FirebaseFirestore */; };
		78BC7D5F2F277F9700649813 /* FirebaseStorage in Frameworks */ = {isa = PBXBuildFile; productRef = 78BC7D5E2F277F9700649813 /* FirebaseStorage */; };
		F0001001 /* CleanConnectApp.swift in Sources */ = {isa = PBXBuildFile; fileRef = F0002001 /* CleanConnectApp.swift */; };
		F0001002 /* ContentView.swift in Sources */ = {isa = PBXBuildFile; fileRef = F0002002 /* ContentView.swift */; };
		F0001003 /* Assets.xcassets in Resources */ = {isa = PBXBuildFile; fileRef = F0002003 /* Assets.xcassets */; };
		F0001004 /* User.swift in Sources */ = {isa = PBXBuildFile; fileRef = F0002004 /* User.swift */; };
		F0001005 /* Post.swift in Sources */ = {isa = PBXBuildFile; fileRef = F0002005 /* Post.swift */; };
		F0001006 /* Gathering.swift in Sources */ = {isa = PBXBuildFile; fileRef = F0002006 /* Gathering.swift */; };
		F0001007 /* CleaningCompany.swift in Sources */ = {isa = PBXBuildFile; fileRef = F0002007 /* CleaningCompany.swift */; };
		F0001008 /* Leaderboard.swift in Sources */ = {isa = PBXBuildFile; fileRef = F0002008 /* Leaderboard.swift */; };
		F0001009 /* AuthManager.swift in Sources */ = {isa = PBXBuildFile; fileRef = F0002009 /* AuthManager.swift */; };
		F0001010 /* UserState.swift in Sources */ = {isa = PBXBuildFile; fileRef = F0002010 /* UserState.swift */; };
		F0001011 /* UserService.swift in Sources */ = {isa = PBXBuildFile; fileRef = F0002011 /* UserService.swift */; };
		F0001012 /* PostService.swift in Sources */ = {isa = PBXBuildFile; fileRef = F0002012 /* PostService.swift */; };
		F0001013 /* GatheringService.swift in Sources */ = {isa = PBXBuildFile; fileRef = F0002013 /* GatheringService.swift */; };
		F0001014 /* BookingService.swift in Sources */ = {isa = PBXBuildFile; fileRef = F0002014 /* BookingService.swift */; };
		F0001015 /* PaymentService.swift in Sources */ = {isa = PBXBuildFile; fileRef = F0002015 /* PaymentService.swift */; };
		F0001016 /* LocalDataManager.swift in Sources */ = {isa = PBXBuildFile; fileRef = F0002016 /* LocalDataManager.swift */; };
		F0001018 /* Constants.swift in Sources */ = {isa = PBXBuildFile; fileRef = F0002018 /* Constants.swift */; };
		F0001019 /* LocationManager.swift in Sources */ = {isa = PBXBuildFile; fileRef = F0002019 /* LocationManager.swift */; };
		F0001020 /* Extensions.swift in Sources */ = {isa = PBXBuildFile; fileRef = F0002020 /* Extensions.swift */; };
		F0001021 /* AuthView.swift in Sources */ = {isa = PBXBuildFile; fileRef = F0002021 /* AuthView.swift */; };
		F0001022 /* FeedView.swift in Sources */ = {isa = PBXBuildFile; fileRef = F0002022 /* FeedView.swift */; };
		F0001023 /* PostCard.swift in Sources */ = {isa = PBXBuildFile; fileRef = F0002023 /* PostCard.swift */; };
		F0001024 /* PostDetailView.swift in Sources */ = {isa = PBXBuildFile; fileRef = F0002024 /* PostDetailView.swift */; };
		F0001025 /* CreatePostView.swift in Sources */ = {isa = PBXBuildFile; fileRef = F0002025 /* CreatePostView.swift */; };
		F0001026 /* LeaderboardView.swift in Sources */ = {isa = PBXBuildFile; fileRef = F0002026 /* LeaderboardView.swift */; };
		F0001027 /* TipSheet.swift in Sources */ = {isa = PBXBuildFile; fileRef = F0002027 /* TipSheet.swift */; };
		F0001028 /* GatheringsView.swift in Sources */ = {isa = PBXBuildFile; fileRef = F0002028 /* GatheringsView.swift */; };
		F0001029 /* EventDetailView.swift in Sources */ = {isa = PBXBuildFile; fileRef = F0002029 /* EventDetailView.swift */; };
		F0001030 /* CreateEventView.swift in Sources */ = {isa = PBXBuildFile; fileRef = F0002030 /* CreateEventView.swift */; };
		F0001031 /* CompaniesView.swift in Sources */ = {isa = PBXBuildFile; fileRef = F0002031 /* CompaniesView.swift */; };
		F0001032 /* CompanyDetailView.swift in Sources */ = {isa = PBXBuildFile; fileRef = F0002032 /* CompanyDetailView.swift */; };
		F0001033 /* BookingSheet.swift in Sources */ = {isa = PBXBuildFile; fileRef = F0002033 /* BookingSheet.swift */; };
		F0001034 /* ProfileView.swift in Sources */ = {isa = PBXBuildFile; fileRef = F0002034 /* ProfileView.swift */; };
		F0001040 /* FeedViewModel.swift in Sources */ = {isa = PBXBuildFile; fileRef = F0002040 /* FeedViewModel.swift */; };
		F0001041 /* PostDetailViewModel.swift in Sources */ = {isa = PBXBuildFile; fileRef = F0002041 /* PostDetailViewModel.swift */; };
		F0001042 /* LeaderboardViewModel.swift in Sources */ = {isa = PBXBuildFile; fileRef = F0002042 /* LeaderboardViewModel.swift */; };
		F0001043 /* GatheringsViewModel.swift in Sources */ = {isa = PBXBuildFile; fileRef = F0002043 /* GatheringsViewModel.swift */; };
		F0001044 /* EventDetailViewModel.swift in Sources */ = {isa = PBXBuildFile; fileRef = F0002044 /* EventDetailViewModel.swift */; };
		F0001045 /* CompaniesViewModel.swift in Sources */ = {isa = PBXBuildFile; fileRef = F0002045 /* CompaniesViewModel.swift */; };
		F0001046 /* CompanyDetailViewModel.swift in Sources */ = {isa = PBXBuildFile; fileRef = F0002046 /* CompanyDetailViewModel.swift */; };
		F0001050 /* ProfileComponents.swift in Sources */ = {isa = PBXBuildFile; fileRef = F0002050 /* ProfileComponents.swift */; };
		F0001051 /* SettingsView.swift in Sources */ = {isa = PBXBuildFile; fileRef = F0002051 /* SettingsView.swift */; };
		F0001052 /* EditProfileView.swift in Sources */ = {isa = PBXBuildFile; fileRef = F0002052 /* EditProfileView.swift */; };
		F0001053 /* WalletView.swift in Sources */ = {isa = PBXBuildFile; fileRef = F0002053 /* WalletView.swift */; };
		F0001060 /* CachedAsyncImage.swift in Sources */ = {isa = PBXBuildFile; fileRef = F0002060 /* CachedAsyncImage.swift */; };
		F0001061 /* InputValidation.swift in Sources */ = {isa = PBXBuildFile; fileRef = F0002061 /* InputValidation.swift */; };
		F0001062 /* ConfettiView.swift in Sources */ = {isa = PBXBuildFile; fileRef = F0002062 /* ConfettiView.swift */; };
		F0001063 /* OnboardingView.swift in Sources */ = {isa = PBXBuildFile; fileRef = F0002063 /* OnboardingView.swift */; };
		F0001064 /* SkeletonView.swift in Sources */ = {isa = PBXBuildFile; fileRef = F0002064 /* SkeletonView.swift */; };
		F0001065 /* AccessibilityHelpers.swift in Sources */ = {isa = PBXBuildFile; fileRef = F0002065 /* AccessibilityHelpers.swift */; };
		F0001066 /* SmartAsyncImage.swift in Sources */ = {isa = PBXBuildFile; fileRef = F0002066 /* SmartAsyncImage.swift */; };
		F0001070 /* KeychainManager.swift in Sources */ = {isa = PBXBuildFile; fileRef = F0002070 /* KeychainManager.swift */; };
		F0001071 /* AuthenticationService.swift in Sources */ = {isa = PBXBuildFile; fileRef = F0002071 /* AuthenticationService.swift */; };
		F0001072 /* SignInView.swift in Sources */ = {isa = PBXBuildFile; fileRef = F0002072 /* SignInView.swift */; };
		F0001073 /* AccountSettingsView.swift in Sources */ = {isa = PBXBuildFile; fileRef = F0002073 /* AccountSettingsView.swift */; };
		F0001074 /* AppConfiguration.swift in Sources */ = {isa = PBXBuildFile; fileRef = F0002074 /* AppConfiguration.swift */; };
		F0001080 /* EventForumView.swift in Sources */ = {isa = PBXBuildFile; fileRef = F0002080 /* EventForumView.swift */; };
		F0001081 /* EventTasksView.swift in Sources */ = {isa = PBXBuildFile; fileRef = F0002081 /* EventTasksView.swift */; };
		F0001082 /* EventSuppliesView.swift in Sources */ = {isa = PBXBuildFile; fileRef = F0002082 /* EventSuppliesView.swift */; };
		F0001090 /* DiscoverView.swift in Sources */ = {isa = PBXBuildFile; fileRef = F0002090 /* DiscoverView.swift */; };
		F0001095 /* CleanupJob.swift in Sources */ = {isa = PBXBuildFile; fileRef = F0002095 /* CleanupJob.swift */; };
		F0001097 /* ImpactDashboardView.swift in Sources */ = {isa = PBXBuildFile; fileRef = F0002097 /* ImpactDashboardView.swift */; };
		F0001098 /* WidgetViews.swift in Sources */ = {isa = PBXBuildFile; fileRef = F0002098 /* WidgetViews.swift */; };
		F0001099 /* LocalizationManager.swift in Sources */ = {isa = PBXBuildFile; fileRef = F0002099 /* LocalizationManager.swift */; };
		F0001100 /* WatchSyncService.swift in Sources */ = {isa = PBXBuildFile; fileRef = F0002100 /* WatchSyncService.swift */; };
		F0001101 /* FirestoreService.swift in Sources */ = {isa = PBXBuildFile; fileRef = F0002101 /* FirestoreService.swift */; };
		F0001102 /* StorageService.swift in Sources */ = {isa = PBXBuildFile; fileRef = F0002102 /* StorageService.swift */; };
		F0001103 /* StripeService.swift in Sources */ = {isa = PBXBuildFile; fileRef = F0002103 /* StripeService.swift */; };
		F0001104 /* CloudFunctionsService.swift in Sources */ = {isa = PBXBuildFile; fileRef = F0002104 /* CloudFunctionsService.swift */; };
		F0001105 /* CleanupRequestService.swift in Sources */ = {isa = PBXBuildFile; fileRef = F0002105 /* CleanupRequestService.swift */; };
		F0001106 /* CleanupRequestsView.swift in Sources */ = {isa = PBXBuildFile; fileRef = F0002106 /* CleanupRequestsView.swift */; };
		F0001107 /* PrivacyInfo.xcprivacy in Resources */ = {isa = PBXBuildFile; fileRef = F0002107 /* PrivacyInfo.xcprivacy */; };
		F0001108 /* LeaderboardTabView.swift in Sources */ = {isa = PBXBuildFile; fileRef = F0002108 /* LeaderboardTabView.swift */; };
/* End PBXBuildFile section */

/* Begin PBXFileReference section */
		781AD1002F28CD0D00681818 /* CleanConnect.entitlements */ = {isa = PBXFileReference; lastKnownFileType = text.plist.entitlements; path = CleanConnect.entitlements; sourceTree = "<group>"; };
		781AD1012F28CD0D00681818 /* GoogleService-Info.plist */ = {isa = PBXFileReference; lastKnownFileType = text.plist.xml; path = "GoogleService-Info.plist"; sourceTree = "<group>"; };
		F0002000 /* CleanConnect.app */ = {isa = PBXFileReference; explicitFileType = wrapper.application; includeInIndex = 0; path = CleanConnect.app; sourceTree = BUILT_PRODUCTS_DIR; };
		F0002001 /* CleanConnectApp.swift */ = {isa = PBXFileReference; lastKnownFileType = sourcecode.swift; path = CleanConnectApp.swift; sourceTree = "<group>"; };
		F0002002 /* ContentView.swift */ = {isa = PBXFileReference; lastKnownFileType = sourcecode.swift; path = ContentView.swift; sourceTree = "<group>"; };
		F0002003 /* Assets.xcassets */ = {isa = PBXFileReference; lastKnownFileType = folder.assetcatalog; path = Assets.xcassets; sourceTree = "<group>"; };
		F0002004 /* User.swift */ = {isa = PBXFileReference; lastKnownFileType = sourcecode.swift; path = User.swift; sourceTree = "<group>"; };
		F0002005 /* Post.swift */ = {isa = PBXFileReference; lastKnownFileType = sourcecode.swift; path = Post.swift; sourceTree = "<group>"; };
		F0002006 /* Gathering.swift */ = {isa = PBXFileReference; lastKnownFileType = sourcecode.swift; path = Gathering.swift; sourceTree = "<group>"; };
		F0002007 /* CleaningCompany.swift */ = {isa = PBXFileReference; lastKnownFileType = sourcecode.swift; path = CleaningCompany.swift; sourceTree = "<group>"; };
		F0002008 /* Leaderboard.swift */ = {isa = PBXFileReference; lastKnownFileType = sourcecode.swift; path = Leaderboard.swift; sourceTree = "<group>"; };
		F0002009 /* AuthManager.swift */ = {isa = PBXFileReference; lastKnownFileType = sourcecode.swift; path = AuthManager.swift; sourceTree = "<group>"; };
		F0002010 /* UserState.swift */ = {isa = PBXFileReference; lastKnownFileType = sourcecode.swift; path = UserState.swift; sourceTree = "<group>"; };
		F0002011 /* UserService.swift */ = {isa = PBXFileReference; lastKnownFileType = sourcecode.swift; path = UserService.swift; sourceTree = "<group>"; };
		F0002012 /* PostService.swift */ = {isa = PBXFileReference; lastKnownFileType = sourcecode.swift; path = PostService.swift; sourceTree = "<group>"; };
		F0002013 /* GatheringService.swift */ = {isa = PBXFileReference; lastKnownFileType = sourcecode.swift; path = GatheringService.swift; sourceTree = "<group>"; };
		F0002014 /* BookingService.swift */ = {isa = PBXFileReference; lastKnownFileType = sourcecode.swift; path = BookingService.swift; sourceTree = "<group>"; };
		F0002015 /* PaymentService.swift */ = {isa = PBXFileReference; lastKnownFileType = sourcecode.swift; path = PaymentService.swift; sourceTree = "<group>"; };
		F0002016 /* LocalDataManager.swift */ = {isa = PBXFileReference; lastKnownFileType = sourcecode.swift; path = LocalDataManager.swift; sourceTree = "<group>"; };
		F0002018 /* Constants.swift */ = {isa = PBXFileReference; lastKnownFileType = sourcecode.swift; path = Constants.swift; sourceTree = "<group>"; };
		F0002019 /* LocationManager.swift */ = {isa = PBXFileReference; lastKnownFileType = sourcecode.swift; path = LocationManager.swift; sourceTree = "<group>"; };
		F0002020 /* Extensions.swift */ = {isa = PBXFileReference; lastKnownFileType = sourcecode.swift; path = Extensions.swift; sourceTree = "<group>"; };
		F0002021 /* AuthView.swift */ = {isa = PBXFileReference; lastKnownFileType = sourcecode.swift; path = AuthView.swift; sourceTree = "<group>"; };
		F0002022 /* FeedView.swift */ = {isa = PBXFileReference; lastKnownFileType = sourcecode.swift; path = FeedView.swift; sourceTree = "<group>"; };
		F0002023 /* PostCard.swift */ = {isa = PBXFileReference; lastKnownFileType = sourcecode.swift; path = PostCard.swift; sourceTree = "<group>"; };
		F0002024 /* PostDetailView.swift */ = {isa = PBXFileReference; lastKnownFileType = sourcecode.swift; path = PostDetailView.swift; sourceTree = "<group>"; };
		F0002025 /* CreatePostView.swift */ = {isa = PBXFileReference; lastKnownFileType = sourcecode.swift; path = CreatePostView.swift; sourceTree = "<group>"; };
		F0002026 /* LeaderboardView.swift */ = {isa = PBXFileReference; lastKnownFileType = sourcecode.swift; path = LeaderboardView.swift; sourceTree = "<group>"; };
		F0002027 /* TipSheet.swift */ = {isa = PBXFileReference; lastKnownFileType = sourcecode.swift; path = TipSheet.swift; sourceTree = "<group>"; };
		F0002028 /* GatheringsView.swift */ = {isa = PBXFileReference; lastKnownFileType = sourcecode.swift; path = GatheringsView.swift; sourceTree = "<group>"; };
		F0002029 /* EventDetailView.swift */ = {isa = PBXFileReference; lastKnownFileType = sourcecode.swift; path = EventDetailView.swift; sourceTree = "<group>"; };
		F0002030 /* CreateEventView.swift */ = {isa = PBXFileReference; lastKnownFileType = sourcecode.swift; path = CreateEventView.swift; sourceTree = "<group>"; };
		F0002031 /* CompaniesView.swift */ = {isa = PBXFileReference; lastKnownFileType = sourcecode.swift; path = CompaniesView.swift; sourceTree = "<group>"; };
		F0002032 /* CompanyDetailView.swift */ = {isa = PBXFileReference; lastKnownFileType = sourcecode.swift; path = CompanyDetailView.swift; sourceTree = "<group>"; };
		F0002033 /* BookingSheet.swift */ = {isa = PBXFileReference; lastKnownFileType = sourcecode.swift; path = BookingSheet.swift; sourceTree = "<group>"; };
		F0002034 /* ProfileView.swift */ = {isa = PBXFileReference; lastKnownFileType = sourcecode.swift; path = ProfileView.swift; sourceTree = "<group>"; };
		F0002035 /* Info.plist */ = {isa = PBXFileReference; lastKnownFileType = text.plist.xml; path = Info.plist; sourceTree = "<group>"; };
		F0002040 /* FeedViewModel.swift */ = {isa = PBXFileReference; lastKnownFileType = sourcecode.swift; path = FeedViewModel.swift; sourceTree = "<group>"; };
		F0002041 /* PostDetailViewModel.swift */ = {isa = PBXFileReference; lastKnownFileType = sourcecode.swift; path = PostDetailViewModel.swift; sourceTree = "<group>"; };
		F0002042 /* LeaderboardViewModel.swift */ = {isa = PBXFileReference; lastKnownFileType = sourcecode.swift; path = LeaderboardViewModel.swift; sourceTree = "<group>"; };
		F0002043 /* GatheringsViewModel.swift */ = {isa = PBXFileReference; lastKnownFileType = sourcecode.swift; path = GatheringsViewModel.swift; sourceTree = "<group>"; };
		F0002044 /* EventDetailViewModel.swift */ = {isa = PBXFileReference; lastKnownFileType = sourcecode.swift; path = EventDetailViewModel.swift; sourceTree = "<group>"; };
		F0002045 /* CompaniesViewModel.swift */ = {isa = PBXFileReference; lastKnownFileType = sourcecode.swift; path = CompaniesViewModel.swift; sourceTree = "<group>"; };
		F0002046 /* CompanyDetailViewModel.swift */ = {isa = PBXFileReference; lastKnownFileType = sourcecode.swift; path = CompanyDetailViewModel.swift; sourceTree = "<group>"; };
		F0002050 /* ProfileComponents.swift */ = {isa = PBXFileReference; lastKnownFileType = sourcecode.swift; path = ProfileComponents.swift; sourceTree = "<group>"; };
		F0002051 /* SettingsView.swift */ = {isa = PBXFileReference; lastKnownFileType = sourcecode.swift; path = SettingsView.swift; sourceTree = "<group>"; };
		F0002052 /* EditProfileView.swift */ = {isa = PBXFileReference; lastKnownFileType = sourcecode.swift; path = EditProfileView.swift; sourceTree = "<group>"; };
		F0002053 /* WalletView.swift */ = {isa = PBXFileReference; lastKnownFileType = sourcecode.swift; path = WalletView.swift; sourceTree = "<group>"; };
		F0002060 /* CachedAsyncImage.swift */ = {isa = PBXFileReference; lastKnownFileType = sourcecode.swift; path = CachedAsyncImage.swift; sourceTree = "<group>"; };
		F0002061 /* InputValidation.swift */ = {isa = PBXFileReference; lastKnownFileType = sourcecode.swift; path = InputValidation.swift; sourceTree = "<group>"; };
		F0002062 /* ConfettiView.swift */ = {isa = PBXFileReference; lastKnownFileType = sourcecode.swift; path = ConfettiView.swift; sourceTree = "<group>"; };
		F0002063 /* OnboardingView.swift */ = {isa = PBXFileReference; lastKnownFileType = sourcecode.swift; path = OnboardingView.swift; sourceTree = "<group>"; };
		F0002064 /* SkeletonView.swift */ = {isa = PBXFileReference; lastKnownFileType = sourcecode.swift; path = SkeletonView.swift; sourceTree = "<group>"; };
		F0002065 /* AccessibilityHelpers.swift */ = {isa = PBXFileReference; lastKnownFileType = sourcecode.swift; path = AccessibilityHelpers.swift; sourceTree = "<group>"; };
		F0002066 /* SmartAsyncImage.swift */ = {isa = PBXFileReference; lastKnownFileType = sourcecode.swift; path = SmartAsyncImage.swift; sourceTree = "<group>"; };
		F0002070 /* KeychainManager.swift */ = {isa = PBXFileReference; lastKnownFileType = sourcecode.swift; path = KeychainManager.swift; sourceTree = "<group>"; };
		F0002071 /* AuthenticationService.swift */ = {isa = PBXFileReference; lastKnownFileType = sourcecode.swift; path = AuthenticationService.swift; sourceTree = "<group>"; };
		F0002072 /* SignInView.swift */ = {isa = PBXFileReference; lastKnownFileType = sourcecode.swift; path = SignInView.swift; sourceTree = "<group>"; };
		F0002073 /* AccountSettingsView.swift */ = {isa = PBXFileReference; lastKnownFileType = sourcecode.swift; path = AccountSettingsView.swift; sourceTree = "<group>"; };
		F0002074 /* AppConfiguration.swift */ = {isa = PBXFileReference; lastKnownFileType = sourcecode.swift; path = AppConfiguration.swift; sourceTree = "<group>"; };
		F0002080 /* EventForumView.swift */ = {isa = PBXFileReference; lastKnownFileType = sourcecode.swift; path = EventForumView.swift; sourceTree = "<group>"; };
		F0002081 /* EventTasksView.swift */ = {isa = PBXFileReference; lastKnownFileType = sourcecode.swift; path = EventTasksView.swift; sourceTree = "<group>"; };
		F0002082 /* EventSuppliesView.swift */ = {isa = PBXFileReference; lastKnownFileType = sourcecode.swift; path = EventSuppliesView.swift; sourceTree = "<group>"; };
		F0002090 /* DiscoverView.swift */ = {isa = PBXFileReference; lastKnownFileType = sourcecode.swift; path = DiscoverView.swift; sourceTree = "<group>"; };
		F0002095 /* CleanupJob.swift */ = {isa = PBXFileReference; lastKnownFileType = sourcecode.swift; path = CleanupJob.swift; sourceTree = "<group>"; };
		F0002097 /* ImpactDashboardView.swift */ = {isa = PBXFileReference; lastKnownFileType = sourcecode.swift; path = ImpactDashboardView.swift; sourceTree = "<group>"; };
		F0002098 /* WidgetViews.swift */ = {isa = PBXFileReference; lastKnownFileType = sourcecode.swift; path = WidgetViews.swift; sourceTree = "<group>"; };
		F0002099 /* LocalizationManager.swift */ = {isa = PBXFileReference; lastKnownFileType = sourcecode.swift; path = LocalizationManager.swift; sourceTree = "<group>"; };
		F0002100 /* WatchSyncService.swift */ = {isa = PBXFileReference; lastKnownFileType = sourcecode.swift; path = WatchSyncService.swift; sourceTree = "<group>"; };
		F0002101 /* FirestoreService.swift */ = {isa = PBXFileReference; lastKnownFileType = sourcecode.swift; path = FirestoreService.swift; sourceTree = "<group>"; };
		F0002102 /* StorageService.swift */ = {isa = PBXFileReference; lastKnownFileType = sourcecode.swift; path = StorageService.swift; sourceTree = "<group>"; };
		F0002103 /* StripeService.swift */ = {isa = PBXFileReference; lastKnownFileType = sourcecode.swift; path = StripeService.swift; sourceTree = "<group>"; };
		F0002104 /* CloudFunctionsService.swift */ = {isa = PBXFileReference; lastKnownFileType = sourcecode.swift; path = CloudFunctionsService.swift; sourceTree = "<group>"; };
		F0002105 /* CleanupRequestService.swift */ = {isa = PBXFileReference; lastKnownFileType = sourcecode.swift; path = CleanupRequestService.swift; sourceTree = "<group>"; };
		F0002106 /* CleanupRequestsView.swift */ = {isa = PBXFileReference; lastKnownFileType = sourcecode.swift; path = CleanupRequestsView.swift; sourceTree = "<group>"; };
		F0002107 /* PrivacyInfo.xcprivacy */ = {isa = PBXFileReference; lastKnownFileType = text.xml; path = PrivacyInfo.xcprivacy; sourceTree = "<group>"; };
		F0002108 /* LeaderboardTabView.swift */ = {isa = PBXFileReference; lastKnownFileType = sourcecode.swift; path = LeaderboardTabView.swift; sourceTree = "<group>"; };
/* End PBXFileReference section */

/* Begin PBXFrameworksBuildPhase section */
		F0003001 /* Frameworks */ = {
			isa = PBXFrameworksBuildPhase;
			buildActionMask = 2147483647;
			files = (
				7878D3822F2759BF00E33A0E /* GoogleSignIn in Frameworks */,
				7878D3872F275ED800E33A0E /* FirebaseAuth in Frameworks */,
				78BC7D5B2F277F8200649813 /* FirebaseFunctions in Frameworks */,
				7878D3892F275EE000E33A0E /* FirebaseCore in Frameworks */,
				78BC7D5F2F277F9700649813 /* FirebaseStorage in Frameworks */,
				7878D3842F2759BF00E33A0E /* GoogleSignInSwift in Frameworks */,
				78BC7D5D2F277F8B00649813 /* FirebaseFirestore in Frameworks */,
			);
			runOnlyForDeploymentPostprocessing = 0;
		};
/* End PBXFrameworksBuildPhase section */

/* Begin PBXGroup section */
		7878D3852F275ED800E33A0E /* Frameworks */ = {
			isa = PBXGroup;
			children = (
			);
			name = Frameworks;
			sourceTree = "<group>";
		};
		F0004000 = {
			isa = PBXGroup;
			children = (
				F0004001 /* CleanConnect */,
				7878D3852F275ED800E33A0E /* Frameworks */,
				F0004002 /* Products */,
			);
			sourceTree = "<group>";
		};
		F0004001 /* CleanConnect */ = {
			isa = PBXGroup;
			children = (
				781AD1002F28CD0D00681818 /* CleanConnect.entitlements */,
				781AD1012F28CD0D00681818 /* GoogleService-Info.plist */,
				F0004003 /* App */,
				F0004004 /* Models */,
				F0004005 /* Views */,
				F0004014 /* ViewModels */,
				F0004015 /* Components */,
				F0004006 /* Services */,
				F0004007 /* Utils */,
				F0004008 /* Extensions */,
				F0002003 /* Assets.xcassets */,
				F0002035 /* Info.plist */,
				F0002107 /* PrivacyInfo.xcprivacy */,
			);
			path = CleanConnect;
			sourceTree = "<group>";
		};
		F0004002 /* Products */ = {
			isa = PBXGroup;
			children = (
				F0002000 /* CleanConnect.app */,
			);
			name = Products;
			sourceTree = "<group>";
		};
		F0004003 /* App */ = {
			isa = PBXGroup;
			children = (
				F0002001 /* CleanConnectApp.swift */,
				F0002002 /* ContentView.swift */,
				F0002074 /* AppConfiguration.swift */,
			);
			path = App;
			sourceTree = "<group>";
		};
		F0004004 /* Models */ = {
			isa = PBXGroup;
			children = (
				F0002004 /* User.swift */,
				F0002005 /* Post.swift */,
				F0002006 /* Gathering.swift */,
				F0002007 /* CleaningCompany.swift */,
				F0002008 /* Leaderboard.swift */,
				F0002095 /* CleanupJob.swift */,
			);
			path = Models;
			sourceTree = "<group>";
		};
			F0004005 /* Views */ = {
			isa = PBXGroup;
			children = (
				F0004009 /* Auth */,
				F0004010 /* Feed */,
				F0004011 /* Gatherings */,
				F0004012 /* Companies */,
				F0004013 /* Profile */,
				F0004016 /* Discover */,
				F0004021 /* Impact */,
				F0004022 /* Widgets */,
				F0004023 /* Leaderboard */,
			);
			path = Views;
			sourceTree = "<group>";
		};
		F0004006 /* Services */ = {
			isa = PBXGroup;
			children = (
				F0002009 /* AuthManager.swift */,
				F0002010 /* UserState.swift */,
				F0002011 /* UserService.swift */,
				F0002012 /* PostService.swift */,
				F0002013 /* GatheringService.swift */,
				F0002014 /* BookingService.swift */,
				F0002015 /* PaymentService.swift */,
				F0002016 /* LocalDataManager.swift */,
				F0002070 /* KeychainManager.swift */,
				F0002071 /* AuthenticationService.swift */,
				F0002100 /* WatchSyncService.swift */,
				F0002101 /* FirestoreService.swift */,
				F0002102 /* StorageService.swift */,
				F0002103 /* StripeService.swift */,
				F0002104 /* CloudFunctionsService.swift */,
				F0002105 /* CleanupRequestService.swift */,
			);
			path = Services;
			sourceTree = "<group>";
		};
		F0004007 /* Utils */ = {
			isa = PBXGroup;
			children = (
				F0002018 /* Constants.swift */,
				F0002019 /* LocationManager.swift */,
				F0002099 /* LocalizationManager.swift */,
			);
			path = Utils;
			sourceTree = "<group>";
		};
		F0004008 /* Extensions */ = {
			isa = PBXGroup;
			children = (
				F0002020 /* Extensions.swift */,
			);
			path = Extensions;
			sourceTree = "<group>";
		};
		F0004009 /* Auth */ = {
			isa = PBXGroup;
			children = (
				F0002021 /* AuthView.swift */,
				F0002072 /* SignInView.swift */,
				F0002073 /* AccountSettingsView.swift */,
			);
			path = Auth;
			sourceTree = "<group>";
		};
		F0004010 /* Feed */ = {
			isa = PBXGroup;
			children = (
				F0002022 /* FeedView.swift */,
				F0002023 /* PostCard.swift */,
				F0002024 /* PostDetailView.swift */,
				F0002025 /* CreatePostView.swift */,
				F0002026 /* LeaderboardView.swift */,
				F0002027 /* TipSheet.swift */,
			);
			path = Feed;
			sourceTree = "<group>";
		};
		F0004011 /* Gatherings */ = {
			isa = PBXGroup;
			children = (
				F0002028 /* GatheringsView.swift */,
				F0002029 /* EventDetailView.swift */,
				F0002030 /* CreateEventView.swift */,
				F0002080 /* EventForumView.swift */,
				F0002081 /* EventTasksView.swift */,
				F0002082 /* EventSuppliesView.swift */,
			);
			path = Gatherings;
			sourceTree = "<group>";
		};
		F0004012 /* Companies */ = {
			isa = PBXGroup;
			children = (
				F0002031 /* CompaniesView.swift */,
				F0002032 /* CompanyDetailView.swift */,
				F0002033 /* BookingSheet.swift */,
			);
			path = Companies;
			sourceTree = "<group>";
		};
		F0004013 /* Profile */ = {
			isa = PBXGroup;
			children = (
				F0002034 /* ProfileView.swift */,
				F0002050 /* ProfileComponents.swift */,
				F0002051 /* SettingsView.swift */,
				F0002052 /* EditProfileView.swift */,
				F0002053 /* WalletView.swift */,
			);
			path = Profile;
			sourceTree = "<group>";
		};
		F0004014 /* ViewModels */ = {
			isa = PBXGroup;
			children = (
				F0002040 /* FeedViewModel.swift */,
				F0002041 /* PostDetailViewModel.swift */,
				F0002042 /* LeaderboardViewModel.swift */,
				F0002043 /* GatheringsViewModel.swift */,
				F0002044 /* EventDetailViewModel.swift */,
				F0002045 /* CompaniesViewModel.swift */,
				F0002046 /* CompanyDetailViewModel.swift */,
			);
			path = ViewModels;
			sourceTree = "<group>";
		};
		F0004015 /* Components */ = {
			isa = PBXGroup;
			children = (
				F0002060 /* CachedAsyncImage.swift */,
				F0002061 /* InputValidation.swift */,
				F0002062 /* ConfettiView.swift */,
				F0002063 /* OnboardingView.swift */,
				F0002064 /* SkeletonView.swift */,
				F0002065 /* AccessibilityHelpers.swift */,
				F0002066 /* SmartAsyncImage.swift */,
			);
			path = Components;
			sourceTree = "<group>";
		};
		F0004016 /* Discover */ = {
			isa = PBXGroup;
			children = (
				F0002090 /* DiscoverView.swift */,
				F0002106 /* CleanupRequestsView.swift */,
			);
			path = Discover;
			sourceTree = "<group>";
		};
		F0004021 /* Impact */ = {
			isa = PBXGroup;
			children = (
				F0002097 /* ImpactDashboardView.swift */,
			);
			path = Impact;
			sourceTree = "<group>";
		};
		F0004022 /* Widgets */ = {
			isa = PBXGroup;
			children = (
				F0002098 /* WidgetViews.swift */,
			);
			path = Widgets;
			sourceTree = "<group>";
		};
		F0004023 /* Leaderboard */ = {
			isa = PBXGroup;
			children = (
				F0002108 /* LeaderboardTabView.swift */,
			);
			path = Leaderboard;
			sourceTree = "<group>";
		};
/* End PBXGroup section */

/* Begin PBXNativeTarget section */
		F0005000 /* CleanConnect */ = {
			isa = PBXNativeTarget;
			buildConfigurationList = F0006002 /* Build configuration list for PBXNativeTarget "CleanConnect" */;
			buildPhases = (
				F0003000 /* Sources */,
				F0003001 /* Frameworks */,
				F0003002 /* Resources */,
			);
			buildRules = (
			);
			dependencies = (
			);
			name = CleanConnect;
			productName = CleanConnect;
			productReference = F0002000 /* CleanConnect.app */;
			productType = "com.apple.product-type.application";
		};
/* End PBXNativeTarget section */

/* Begin PBXProject section */
		F0007000 /* Project object */ = {
			isa = PBXProject;
			attributes = {
				BuildIndependentTargetsInParallel = 1;
				LastSwiftUpdateCheck = 1500;
				LastUpgradeCheck = 1500;
				TargetAttributes = {
					F0005000 = {
						CreatedOnToolsVersion = 15.0;
					};
				};
			};
			buildConfigurationList = F0006001 /* Build configuration list for PBXProject "CleanConnect" */;
			compatibilityVersion = "Xcode 14.0";
			developmentRegion = en;
			hasScannedForEncodings = 0;
			knownRegions = (
				en,
				Base,
			);
			mainGroup = F0004000;
			packageReferences = (
				7878D37F2F27537D00E33A0E /* XCRemoteSwiftPackageReference "firebase-ios-sdk" */,
				7878D3802F2759BF00E33A0E /* XCRemoteSwiftPackageReference "GoogleSignIn-iOS" */,
				7878D38D2F27724700E33A0E /* XCRemoteSwiftPackageReference "stripe-ios" */,
			);
			productRefGroup = F0004002 /* Products */;
			projectDirPath = "";
			projectRoot = "";
			targets = (
				F0005000 /* CleanConnect */,
			);
		};
/* End PBXProject section */

/* Begin PBXResourcesBuildPhase section */
		F0003002 /* Resources */ = {
			isa = PBXResourcesBuildPhase;
			buildActionMask = 2147483647;
			files = (
				F0001003 /* Assets.xcassets in Resources */,
				781AD1022F28CD0D00681818 /* GoogleService-Info.plist in Resources */,
				F0001107 /* PrivacyInfo.xcprivacy in Resources */,
			);
			runOnlyForDeploymentPostprocessing = 0;
		};
/* End PBXResourcesBuildPhase section */

/* Begin PBXSourcesBuildPhase section */
		F0003000 /* Sources */ = {
			isa = PBXSourcesBuildPhase;
			buildActionMask = 2147483647;
			files = (
				F0001001 /* CleanConnectApp.swift in Sources */,
				F0001002 /* ContentView.swift in Sources */,
				F0001004 /* User.swift in Sources */,
				F0001005 /* Post.swift in Sources */,
				F0001006 /* Gathering.swift in Sources */,
				F0001007 /* CleaningCompany.swift in Sources */,
				F0001008 /* Leaderboard.swift in Sources */,
				F0001009 /* AuthManager.swift in Sources */,
				F0001010 /* UserState.swift in Sources */,
				F0001011 /* UserService.swift in Sources */,
				F0001012 /* PostService.swift in Sources */,
				F0001013 /* GatheringService.swift in Sources */,
				F0001014 /* BookingService.swift in Sources */,
				F0001015 /* PaymentService.swift in Sources */,
				F0001016 /* LocalDataManager.swift in Sources */,
				F0001018 /* Constants.swift in Sources */,
				F0001019 /* LocationManager.swift in Sources */,
				F0001020 /* Extensions.swift in Sources */,
				F0001021 /* AuthView.swift in Sources */,
				F0001022 /* FeedView.swift in Sources */,
				F0001023 /* PostCard.swift in Sources */,
				F0001024 /* PostDetailView.swift in Sources */,
				F0001025 /* CreatePostView.swift in Sources */,
				F0001026 /* LeaderboardView.swift in Sources */,
				F0001027 /* TipSheet.swift in Sources */,
				F0001028 /* GatheringsView.swift in Sources */,
				F0001029 /* EventDetailView.swift in Sources */,
				F0001030 /* CreateEventView.swift in Sources */,
				F0001031 /* CompaniesView.swift in Sources */,
				F0001032 /* CompanyDetailView.swift in Sources */,
				F0001033 /* BookingSheet.swift in Sources */,
				F0001034 /* ProfileView.swift in Sources */,
				F0001040 /* FeedViewModel.swift in Sources */,
				F0001041 /* PostDetailViewModel.swift in Sources */,
				F0001042 /* LeaderboardViewModel.swift in Sources */,
				F0001043 /* GatheringsViewModel.swift in Sources */,
				F0001044 /* EventDetailViewModel.swift in Sources */,
				F0001045 /* CompaniesViewModel.swift in Sources */,
				F0001046 /* CompanyDetailViewModel.swift in Sources */,
				F0001050 /* ProfileComponents.swift in Sources */,
				F0001051 /* SettingsView.swift in Sources */,
				F0001052 /* EditProfileView.swift in Sources */,
				F0001053 /* WalletView.swift in Sources */,
				F0001060 /* CachedAsyncImage.swift in Sources */,
				F0001061 /* InputValidation.swift in Sources */,
				F0001062 /* ConfettiView.swift in Sources */,
				F0001063 /* OnboardingView.swift in Sources */,
				F0001064 /* SkeletonView.swift in Sources */,
				F0001065 /* AccessibilityHelpers.swift in Sources */,
				F0001066 /* SmartAsyncImage.swift in Sources */,
				F0001070 /* KeychainManager.swift in Sources */,
				F0001071 /* AuthenticationService.swift in Sources */,
				F0001072 /* SignInView.swift in Sources */,
				F0001073 /* AccountSettingsView.swift in Sources */,
				F0001074 /* AppConfiguration.swift in Sources */,
				F0001080 /* EventForumView.swift in Sources */,
				F0001081 /* EventTasksView.swift in Sources */,
				F0001082 /* EventSuppliesView.swift in Sources */,
				F0001090 /* DiscoverView.swift in Sources */,
				F0001095 /* CleanupJob.swift in Sources */,
				F0001097 /* ImpactDashboardView.swift in Sources */,
				F0001098 /* WidgetViews.swift in Sources */,
				F0001099 /* LocalizationManager.swift in Sources */,
				F0001100 /* WatchSyncService.swift in Sources */,
				F0001101 /* FirestoreService.swift in Sources */,
				F0001102 /* StorageService.swift in Sources */,
				F0001103 /* StripeService.swift in Sources */,
				F0001104 /* CloudFunctionsService.swift in Sources */,
				F0001105 /* CleanupRequestService.swift in Sources */,
				F0001106 /* CleanupRequestsView.swift in Sources */,
				F0001108 /* LeaderboardTabView.swift in Sources */,
			);
			runOnlyForDeploymentPostprocessing = 0;
		};
/* End PBXSourcesBuildPhase section */

/* Begin XCBuildConfiguration section */
		F0008001 /* Debug */ = {
			isa = XCBuildConfiguration;
			buildSettings = {
				ALWAYS_SEARCH_USER_PATHS = NO;
				ASSETCATALOG_COMPILER_GENERATE_SWIFT_ASSET_SYMBOL_EXTENSIONS = YES;
				CLANG_ANALYZER_NONNULL = YES;
				CLANG_ANALYZER_NUMBER_OBJECT_CONVERSION = YES_AGGRESSIVE;
				CLANG_CXX_LANGUAGE_STANDARD = "gnu++20";
				CLANG_ENABLE_MODULES = YES;
				CLANG_ENABLE_OBJC_ARC = YES;
				CLANG_ENABLE_OBJC_WEAK = YES;
				CLANG_WARN_BLOCK_CAPTURE_AUTORELEASING = YES;
				CLANG_WARN_BOOL_CONVERSION = YES;
				CLANG_WARN_COMMA = YES;
				CLANG_WARN_CONSTANT_CONVERSION = YES;
				CLANG_WARN_DEPRECATED_OBJC_IMPLEMENTATIONS = YES;
				CLANG_WARN_DIRECT_OBJC_ISA_USAGE = YES_ERROR;
				CLANG_WARN_DOCUMENTATION_COMMENTS = YES;
				CLANG_WARN_EMPTY_BODY = YES;
				CLANG_WARN_ENUM_CONVERSION = YES;
				CLANG_WARN_INFINITE_RECURSION = YES;
				CLANG_WARN_INT_CONVERSION = YES;
				CLANG_WARN_NON_LITERAL_NULL_CONVERSION = YES;
				CLANG_WARN_OBJC_IMPLICIT_RETAIN_SELF = YES;
				CLANG_WARN_OBJC_LITERAL_CONVERSION = YES;
				CLANG_WARN_OBJC_ROOT_CLASS = YES_ERROR;
				CLANG_WARN_QUOTED_INCLUDE_IN_FRAMEWORK_HEADER = YES;
				CLANG_WARN_RANGE_LOOP_ANALYSIS = YES;
				CLANG_WARN_STRICT_PROTOTYPES = YES;
				CLANG_WARN_SUSPICIOUS_MOVE = YES;
				CLANG_WARN_UNGUARDED_AVAILABILITY = YES_AGGRESSIVE;
				CLANG_WARN_UNREACHABLE_CODE = YES;
				CLANG_WARN__DUPLICATE_METHOD_MATCH = YES;
				COPY_PHASE_STRIP = NO;
				DEBUG_INFORMATION_FORMAT = dwarf;
				ENABLE_STRICT_OBJC_MSGSEND = YES;
				ENABLE_TESTABILITY = YES;
				ENABLE_USER_SCRIPT_SANDBOXING = YES;
				GCC_C_LANGUAGE_STANDARD = gnu17;
				GCC_DYNAMIC_NO_PIC = NO;
				GCC_NO_COMMON_BLOCKS = YES;
				GCC_OPTIMIZATION_LEVEL = 0;
				GCC_PREPROCESSOR_DEFINITIONS = (
					"DEBUG=1",
					"$(inherited)",
				);
				GCC_WARN_64_TO_32_BIT_CONVERSION = YES;
				GCC_WARN_ABOUT_RETURN_TYPE = YES_ERROR;
				GCC_WARN_UNDECLARED_SELECTOR = YES;
				GCC_WARN_UNINITIALIZED_AUTOS = YES_AGGRESSIVE;
				GCC_WARN_UNUSED_FUNCTION = YES;
				GCC_WARN_UNUSED_VARIABLE = YES;
				IPHONEOS_DEPLOYMENT_TARGET = 17.0;
				LOCALIZATION_PREFERS_STRING_CATALOGS = YES;
				MTL_ENABLE_DEBUG_INFO = INCLUDE_SOURCE;
				MTL_FAST_MATH = YES;
				ONLY_ACTIVE_ARCH = YES;
				SDKROOT = iphoneos;
				SWIFT_ACTIVE_COMPILATION_CONDITIONS = "DEBUG $(inherited)";
				SWIFT_OPTIMIZATION_LEVEL = "-Onone";
			};
			name = Debug;
		};
		F0008002 /* Release */ = {
			isa = XCBuildConfiguration;
			buildSettings = {
				ALWAYS_SEARCH_USER_PATHS = NO;
				ASSETCATALOG_COMPILER_GENERATE_SWIFT_ASSET_SYMBOL_EXTENSIONS = YES;
				CLANG_ANALYZER_NONNULL = YES;
				CLANG_ANALYZER_NUMBER_OBJECT_CONVERSION = YES_AGGRESSIVE;
				CLANG_CXX_LANGUAGE_STANDARD = "gnu++20";
				CLANG_ENABLE_MODULES = YES;
				CLANG_ENABLE_OBJC_ARC = YES;
				CLANG_ENABLE_OBJC_WEAK = YES;
				CLANG_WARN_BLOCK_CAPTURE_AUTORELEASING = YES;
				CLANG_WARN_BOOL_CONVERSION = YES;
				CLANG_WARN_COMMA = YES;
				CLANG_WARN_CONSTANT_CONVERSION = YES;
				CLANG_WARN_DEPRECATED_OBJC_IMPLEMENTATIONS = YES;
				CLANG_WARN_DIRECT_OBJC_ISA_USAGE = YES_ERROR;
				CLANG_WARN_DOCUMENTATION_COMMENTS = YES;
				CLANG_WARN_EMPTY_BODY = YES;
				CLANG_WARN_ENUM_CONVERSION = YES;
				CLANG_WARN_INFINITE_RECURSION = YES;
				CLANG_WARN_INT_CONVERSION = YES;
				CLANG_WARN_NON_LITERAL_NULL_CONVERSION = YES;
				CLANG_WARN_OBJC_IMPLICIT_RETAIN_SELF = YES;
				CLANG_WARN_OBJC_LITERAL_CONVERSION = YES;
				CLANG_WARN_OBJC_ROOT_CLASS = YES_ERROR;
				CLANG_WARN_QUOTED_INCLUDE_IN_FRAMEWORK_HEADER = YES;
				CLANG_WARN_RANGE_LOOP_ANALYSIS = YES;
				CLANG_WARN_STRICT_PROTOTYPES = YES;
				CLANG_WARN_SUSPICIOUS_MOVE = YES;
				CLANG_WARN_UNGUARDED_AVAILABILITY = YES_AGGRESSIVE;
				CLANG_WARN_UNREACHABLE_CODE = YES;
				CLANG_WARN__DUPLICATE_METHOD_MATCH = YES;
				COPY_PHASE_STRIP = NO;
				DEBUG_INFORMATION_FORMAT = "dwarf-with-dsym";
				ENABLE_NS_ASSERTIONS = NO;
				ENABLE_STRICT_OBJC_MSGSEND = YES;
				ENABLE_USER_SCRIPT_SANDBOXING = YES;
				GCC_C_LANGUAGE_STANDARD = gnu17;
				GCC_NO_COMMON_BLOCKS = YES;
				GCC_WARN_64_TO_32_BIT_CONVERSION = YES;
				GCC_WARN_ABOUT_RETURN_TYPE = YES_ERROR;
				GCC_WARN_UNDECLARED_SELECTOR = YES;
				GCC_WARN_UNINITIALIZED_AUTOS = YES_AGGRESSIVE;
				GCC_WARN_UNUSED_FUNCTION = YES;
				GCC_WARN_UNUSED_VARIABLE = YES;
				IPHONEOS_DEPLOYMENT_TARGET = 17.0;
				LOCALIZATION_PREFERS_STRING_CATALOGS = YES;
				MTL_ENABLE_DEBUG_INFO = NO;
				MTL_FAST_MATH = YES;
				SDKROOT = iphoneos;
				SWIFT_COMPILATION_MODE = wholemodule;
				VALIDATE_PRODUCT = YES;
			};
			name = Release;
		};
		F0008003 /* Debug */ = {
			isa = XCBuildConfiguration;
			buildSettings = {
				ASSETCATALOG_COMPILER_APPICON_NAME = AppIcon;
				ASSETCATALOG_COMPILER_GLOBAL_ACCENT_COLOR_NAME = AccentColor;
				CODE_SIGN_ENTITLEMENTS = CleanConnect/CleanConnect.entitlements;
				CODE_SIGN_IDENTITY = "Apple Development";
				CODE_SIGN_STYLE = Automatic;
				CURRENT_PROJECT_VERSION = 2;
				DEVELOPMENT_TEAM = F385ZL83XQ;
				ENABLE_PREVIEWS = YES;
				GENERATE_INFOPLIST_FILE = NO;
				INFOPLIST_FILE = CleanConnect/Info.plist;
				INFOPLIST_KEY_CFBundleDisplayName = CleanConnect;
				INFOPLIST_KEY_LSApplicationCategoryType = "public.app-category.social-networking";
				INFOPLIST_KEY_UIApplicationSceneManifest_Generation = YES;
				INFOPLIST_KEY_UIApplicationSupportsIndirectInputEvents = YES;
				INFOPLIST_KEY_UILaunchScreen_Generation = YES;
				INFOPLIST_KEY_UISupportedInterfaceOrientations = UIInterfaceOrientationPortrait;
				INFOPLIST_KEY_UISupportedInterfaceOrientations_iPad = "UIInterfaceOrientationLandscapeLeft UIInterfaceOrientationLandscapeRight UIInterfaceOrientationPortrait UIInterfaceOrientationPortraitUpsideDown";
				LD_RUNPATH_SEARCH_PATHS = (
					"$(inherited)",
					"@executable_path/Frameworks",
				);
				MARKETING_VERSION = 1.0.0;
				PRODUCT_BUNDLE_IDENTIFIER = ca.thebighead.cleanconnect;
				PRODUCT_NAME = "$(TARGET_NAME)";
				PROVISIONING_PROFILE_SPECIFIER = "";
				SUPPORTED_PLATFORMS = "iphoneos iphonesimulator";
				SUPPORTS_MACCATALYST = NO;
				SWIFT_EMIT_LOC_STRINGS = YES;
				SWIFT_VERSION = 5.0;
				TARGETED_DEVICE_FAMILY = "1,2";
			};
			name = Debug;
		};
		F0008004 /* Release */ = {
			isa = XCBuildConfiguration;
			buildSettings = {
				ASSETCATALOG_COMPILER_APPICON_NAME = AppIcon;
				ASSETCATALOG_COMPILER_GLOBAL_ACCENT_COLOR_NAME = AccentColor;
				CODE_SIGN_ENTITLEMENTS = CleanConnect/CleanConnect.entitlements;
				CODE_SIGN_IDENTITY = "Apple Development";
				CODE_SIGN_STYLE = Automatic;
				CURRENT_PROJECT_VERSION = 2;
				DEVELOPMENT_TEAM = F385ZL83XQ;
				ENABLE_PREVIEWS = YES;
				GENERATE_INFOPLIST_FILE = NO;
				INFOPLIST_FILE = CleanConnect/Info.plist;
				INFOPLIST_KEY_CFBundleDisplayName = CleanConnect;
				INFOPLIST_KEY_LSApplicationCategoryType = "public.app-category.social-networking";
				INFOPLIST_KEY_UIApplicationSceneManifest_Generation = YES;
				INFOPLIST_KEY_UIApplicationSupportsIndirectInputEvents = YES;
				INFOPLIST_KEY_UILaunchScreen_Generation = YES;
				INFOPLIST_KEY_UISupportedInterfaceOrientations = UIInterfaceOrientationPortrait;
				INFOPLIST_KEY_UISupportedInterfaceOrientations_iPad = "UIInterfaceOrientationLandscapeLeft UIInterfaceOrientationLandscapeRight UIInterfaceOrientationPortrait UIInterfaceOrientationPortraitUpsideDown";
				LD_RUNPATH_SEARCH_PATHS = (
					"$(inherited)",
					"@executable_path/Frameworks",
				);
				MARKETING_VERSION = 1.0.0;
				PRODUCT_BUNDLE_IDENTIFIER = ca.thebighead.cleanconnect;
				PRODUCT_NAME = "$(TARGET_NAME)";
				PROVISIONING_PROFILE_SPECIFIER = "";
				SUPPORTED_PLATFORMS = "iphoneos iphonesimulator";
				SUPPORTS_MACCATALYST = NO;
				SWIFT_EMIT_LOC_STRINGS = YES;
				SWIFT_VERSION = 5.0;
				TARGETED_DEVICE_FAMILY = "1,2";
			};
			name = Release;
		};
/* End XCBuildConfiguration section */

/* Begin XCConfigurationList section */
		F0006001 /* Build configuration list for PBXProject "CleanConnect" */ = {
			isa = XCConfigurationList;
			buildConfigurations = (
				F0008001 /* Debug */,
				F0008002 /* Release */,
			);
			defaultConfigurationIsVisible = 0;
			defaultConfigurationName = Release;
		};
		F0006002 /* Build configuration list for PBXNativeTarget "CleanConnect" */ = {
			isa = XCConfigurationList;
			buildConfigurations = (
				F0008003 /* Debug */,
				F0008004 /* Release */,
			);
			defaultConfigurationIsVisible = 0;
			defaultConfigurationName = Release;
		};
/* End XCConfigurationList section */

/* Begin XCRemoteSwiftPackageReference section */
		7878D37F2F27537D00E33A0E /* XCRemoteSwiftPackageReference "firebase-ios-sdk" */ = {
			isa = XCRemoteSwiftPackageReference;
			repositoryURL = "https://github.com/firebase/firebase-ios-sdk";
			requirement = {
				kind = upToNextMajorVersion;
				minimumVersion = 12.8.0;
			};
		};
		7878D3802F2759BF00E33A0E /* XCRemoteSwiftPackageReference "GoogleSignIn-iOS" */ = {
			isa = XCRemoteSwiftPackageReference;
			repositoryURL = "https://github.com/google/GoogleSignIn-iOS";
			requirement = {
				kind = upToNextMajorVersion;
				minimumVersion = 9.1.0;
			};
		};
		7878D38D2F27724700E33A0E /* XCRemoteSwiftPackageReference "stripe-ios" */ = {
			isa = XCRemoteSwiftPackageReference;
			repositoryURL = "https://github.com/stripe/stripe-ios";
			requirement = {
				kind = upToNextMajorVersion;
				minimumVersion = 25.5.0;
			};
		};
/* End XCRemoteSwiftPackageReference section */

/* Begin XCSwiftPackageProductDependency section */
		7878D3812F2759BF00E33A0E /* GoogleSignIn */ = {
			isa = XCSwiftPackageProductDependency;
			package = 7878D3802F2759BF00E33A0E /* XCRemoteSwiftPackageReference "GoogleSignIn-iOS" */;
			productName = GoogleSignIn;
		};
		7878D3832F2759BF00E33A0E /* GoogleSignInSwift */ = {
			isa = XCSwiftPackageProductDependency;
			package = 7878D3802F2759BF00E33A0E /* XCRemoteSwiftPackageReference "GoogleSignIn-iOS" */;
			productName = GoogleSignInSwift;
		};
		7878D3862F275ED800E33A0E /* FirebaseAuth */ = {
			isa = XCSwiftPackageProductDependency;
			package = 7878D37F2F27537D00E33A0E /* XCRemoteSwiftPackageReference "firebase-ios-sdk" */;
			productName = FirebaseAuth;
		};
		7878D3882F275EE000E33A0E /* FirebaseCore */ = {
			isa = XCSwiftPackageProductDependency;
			package = 7878D37F2F27537D00E33A0E /* XCRemoteSwiftPackageReference "firebase-ios-sdk" */;
			productName = FirebaseCore;
		};
		78BC7D5A2F277F8200649813 /* FirebaseFunctions */ = {
			isa = XCSwiftPackageProductDependency;
			package = 7878D37F2F27537D00E33A0E /* XCRemoteSwiftPackageReference "firebase-ios-sdk" */;
			productName = FirebaseFunctions;
		};
		78BC7D5C2F277F8B00649813 /* FirebaseFirestore */ = {
			isa = XCSwiftPackageProductDependency;
			package = 7878D37F2F27537D00E33A0E /* XCRemoteSwiftPackageReference "firebase-ios-sdk" */;
			productName = FirebaseFirestore;
		};
		78BC7D5E2F277F9700649813 /* FirebaseStorage */ = {
			isa = XCSwiftPackageProductDependency;
			package = 7878D37F2F27537D00E33A0E /* XCRemoteSwiftPackageReference "firebase-ios-sdk" */;
			productName = FirebaseStorage;
		};
/* End XCSwiftPackageProductDependency section */
	};
	rootObject = F0007000 /* Project object */;
}
